
Microsoft Visual Studio Solution File, Format Version 12.00
# Visual Studio Version 17
VisualStudioVersion = 17.0.31912.275
MinimumVisualStudioVersion = 10.0.40219.1
Project("{FAE04EC0-301F-11D3-BF4B-00C04F79EFBC}") = "Ex1", "Ex1\Ex1.csproj", "{2DAD3121-7ADB-4E66-9FAE-08C50EE9772E}"
EndProject
Global
	GlobalSection(SolutionConfigurationPlatforms) = preSolution
		Debug|Any CPU = Debug|Any CPU
		Release|Any CPU = Release|Any CPU
	EndGlobalSection
	GlobalSection(ProjectConfigurationPlatforms) = postSolution
		{2DAD3121-7ADB-4E66-9FAE-08C50EE9772E}.Debug|Any CPU.ActiveCfg = Debug|Any CPU
		{2DAD3121-7ADB-4E66-9FAE-08C50EE9772E}.Debug|Any CPU.Build.0 = Debug|Any CPU
		{2DAD3121-7ADB-4E66-9FAE-08C50EE9772E}.Release|Any CPU.ActiveCfg = Release|Any CPU
		{2DAD3121-7ADB-4E66-9FAE-08C50EE9772E}.Release|Any CPU.Build.0 = Release|Any CPU
	EndGlobalSection
	GlobalSection(SolutionProperties) = preSolution
		HideSolutionNode = FALSE
	EndGlobalSection
	GlobalSection(ExtensibilityGlobals) = postSolution
		SolutionGuid = {CFA7B232-2A29-4F3F-B7EE-678A17B5AE30}
	EndGlobalSection
EndGlobal
